
Microsoft Visual Studio Solution File, Format Version 12.00
# Visual Studio 15
VisualStudioVersion = 15.0.27130.2027
MinimumVisualStudioVersion = 10.0.40219.1
Project("{FAE04EC0-301F-11D3-BF4B-00C04F79EFBC}") = "MessageToImage", "MessageToImage\MessageToImage.csproj", "{704CDA8E-70D3-47ED-BF59-C6EBF768776E}"
EndProject
Global
	GlobalSection(SolutionConfigurationPlatforms) = preSolution
		Debug|Any CPU = Debug|Any CPU
		Release|Any CPU = Release|Any CPU
	EndGlobalSection
	GlobalSection(ProjectConfigurationPlatforms) = postSolution
		{704CDA8E-70D3-47ED-BF59-C6EBF768776E}.Debug|Any CPU.ActiveCfg = Debug|Any CPU
		{704CDA8E-70D3-47ED-BF59-C6EBF768776E}.Debug|Any CPU.Build.0 = Debug|Any CPU
		{704CDA8E-70D3-47ED-BF59-C6EBF768776E}.Release|Any CPU.ActiveCfg = Release|Any CPU
		{704CDA8E-70D3-47ED-BF59-C6EBF768776E}.Release|Any CPU.Build.0 = Release|Any CPU
	EndGlobalSection
	GlobalSection(SolutionProperties) = preSolution
		HideSolutionNode = FALSE
	EndGlobalSection
	GlobalSection(ExtensibilityGlobals) = postSolution
		SolutionGuid = {36FCBD0A-FC9D-4D2B-AD21-69C96D6836BD}
	EndGlobalSection
EndGlobal
